
Microsoft Visual Studio Solution File, Format Version 12.00
# Visual Studio Version 17
VisualStudioVersion = 17.14.36811.4 d17.14
MinimumVisualStudioVersion = 10.0.40219.1
Project("{FAE04EC0-301F-11D3-BF4B-00C04F79EFBC}") = "steam-portfolio", "steam-portfolio.csproj", "{528CAA9D-C3B2-4620-95B1-BF2EC027F401}"
EndProject
Global
	GlobalSection(SolutionConfigurationPlatforms) = preSolution
		Debug|Any CPU = Debug|Any CPU
		Release|Any CPU = Release|Any CPU
	EndGlobalSection
	GlobalSection(ProjectConfigurationPlatforms) = postSolution
		{528CAA9D-C3B2-4620-95B1-BF2EC027F401}.Debug|Any CPU.ActiveCfg = Debug|Any CPU
		{528CAA9D-C3B2-4620-95B1-BF2EC027F401}.Debug|Any CPU.Build.0 = Debug|Any CPU
		{528CAA9D-C3B2-4620-95B1-BF2EC027F401}.Release|Any CPU.ActiveCfg = Release|Any CPU
		{528CAA9D-C3B2-4620-95B1-BF2EC027F401}.Release|Any CPU.Build.0 = Release|Any CPU
	EndGlobalSection
	GlobalSection(SolutionProperties) = preSolution
		HideSolutionNode = FALSE
	EndGlobalSection
	GlobalSection(ExtensibilityGlobals) = postSolution
		SolutionGuid = {293E4B79-C683-4FAA-9B54-FE45E2662F28}
	EndGlobalSection
EndGlobal
